
Microsoft Visual Studio Solution File, Format Version 12.00
# Visual Studio Version 16
VisualStudioVersion = 16.0.30611.23
MinimumVisualStudioVersion = 10.0.40219.1
Project("{FAE04EC0-301F-11D3-BF4B-00C04F79EFBC}") = "MyFirstWebApi", "MyFirstWebApi.csproj", "{1C10E7B7-BE99-425A-913B-26D86E814527}"
EndProject
Global
	GlobalSection(SolutionConfigurationPlatforms) = preSolution
		Debug|Any CPU = Debug|Any CPU
		Release|Any CPU = Release|Any CPU
	EndGlobalSection
	GlobalSection(ProjectConfigurationPlatforms) = postSolution
		{1C10E7B7-BE99-425A-913B-26D86E814527}.Debug|Any CPU.ActiveCfg = Debug|Any CPU
		{1C10E7B7-BE99-425A-913B-26D86E814527}.Debug|Any CPU.Build.0 = Debug|Any CPU
		{1C10E7B7-BE99-425A-913B-26D86E814527}.Release|Any CPU.ActiveCfg = Release|Any CPU
		{1C10E7B7-BE99-425A-913B-26D86E814527}.Release|Any CPU.Build.0 = Release|Any CPU
	EndGlobalSection
	GlobalSection(SolutionProperties) = preSolution
		HideSolutionNode = FALSE
	EndGlobalSection
	GlobalSection(ExtensibilityGlobals) = postSolution
		SolutionGuid = {0C723995-A317-4C49-A1A8-AE0D774A698D}
	EndGlobalSection
EndGlobal
